
Microsoft Visual Studio Solution File, Format Version 12.00
# Visual Studio Version 17
VisualStudioVersion = 17.11.35222.181
MinimumVisualStudioVersion = 10.0.40219.1
Project("{FAE04EC0-301F-11D3-BF4B-00C04F79EFBC}") = "SingletonDesignPattern", "SingletonDesignPattern\SingletonDesignPattern.csproj", "{82093B75-69B1-44C2-A582-370C05771031}"
EndProject
Project("{FAE04EC0-301F-11D3-BF4B-00C04F79EFBC}") = "FactoryDesignPattern", "FactoryDesignPattern\FactoryDesignPattern.csproj", "{5A5060BC-BE5D-414F-9466-DFB1DF779AA7}"
EndProject
Project("{FAE04EC0-301F-11D3-BF4B-00C04F79EFBC}") = "RepositoryDesignPattern", "RepositoryDesignPattern\RepositoryDesignPattern.csproj", "{E140BADE-E31E-4598-B5F1-3052FB1EF580}"
EndProject
Project("{FAE04EC0-301F-11D3-BF4B-00C04F79EFBC}") = "UnitfWork", "UnitfWork\UnitfWork.csproj", "{EEC9AA12-7E8C-4448-9F19-9A0197C3D07F}"
EndProject
Project("{FAE04EC0-301F-11D3-BF4B-00C04F79EFBC}") = "ObserverPattern", "ObserverPattern\ObserverPattern.csproj", "{130B8057-47CD-428B-B8C5-2F4B3DD05D8E}"
EndProject
Project("{FAE04EC0-301F-11D3-BF4B-00C04F79EFBC}") = "CqrsDesignPattern", "CqrsDesignPattern\CqrsDesignPattern.csproj", "{AEDC8AEB-CE79-456B-B9A3-6D9BB1702A3F}"
EndProject
Project("{FAE04EC0-301F-11D3-BF4B-00C04F79EFBC}") = "FactoryMethod", "FactoryMethod\FactoryMethod.csproj", "{8758998E-5EC5-4F78-A802-5EB3EDA25278}"
EndProject
Project("{FAE04EC0-301F-11D3-BF4B-00C04F79EFBC}") = "AbstractFactoryPattern", "AbstractFactoryPattern\AbstractFactoryPattern.csproj", "{9A3FB3C7-C404-4AE9-BC9F-9D569439864A}"
EndProject
Project("{FAE04EC0-301F-11D3-BF4B-00C04F79EFBC}") = "BuilderPattern", "BuilderPattern\BuilderPattern.csproj", "{482ECF52-432B-4216-854A-D6B4276BEFAC}"
EndProject
Project("{FAE04EC0-301F-11D3-BF4B-00C04F79EFBC}") = "PrototypePattern", "PrototypePattern\PrototypePattern.csproj", "{C60DE0E2-CB3C-496F-AF01-3A4AD5C4BBD5}"
EndProject
Global
	GlobalSection(SolutionConfigurationPlatforms) = preSolution
		Debug|Any CPU = Debug|Any CPU
		Release|Any CPU = Release|Any CPU
	EndGlobalSection
	GlobalSection(ProjectConfigurationPlatforms) = postSolution
		{82093B75-69B1-44C2-A582-370C05771031}.Debug|Any CPU.ActiveCfg = Debug|Any CPU
		{82093B75-69B1-44C2-A582-370C05771031}.Debug|Any CPU.Build.0 = Debug|Any CPU
		{82093B75-69B1-44C2-A582-370C05771031}.Release|Any CPU.ActiveCfg = Release|Any CPU
		{82093B75-69B1-44C2-A582-370C05771031}.Release|Any CPU.Build.0 = Release|Any CPU
		{5A5060BC-BE5D-414F-9466-DFB1DF779AA7}.Debug|Any CPU.ActiveCfg = Debug|Any CPU
		{5A5060BC-BE5D-414F-9466-DFB1DF779AA7}.Debug|Any CPU.Build.0 = Debug|Any CPU
		{5A5060BC-BE5D-414F-9466-DFB1DF779AA7}.Release|Any CPU.ActiveCfg = Release|Any CPU
		{5A5060BC-BE5D-414F-9466-DFB1DF779AA7}.Release|Any CPU.Build.0 = Release|Any CPU
		{E140BADE-E31E-4598-B5F1-3052FB1EF580}.Debug|Any CPU.ActiveCfg = Debug|Any CPU
		{E140BADE-E31E-4598-B5F1-3052FB1EF580}.Debug|Any CPU.Build.0 = Debug|Any CPU
		{E140BADE-E31E-4598-B5F1-3052FB1EF580}.Release|Any CPU.ActiveCfg = Release|Any CPU
		{E140BADE-E31E-4598-B5F1-3052FB1EF580}.Release|Any CPU.Build.0 = Release|Any CPU
		{EEC9AA12-7E8C-4448-9F19-9A0197C3D07F}.Debug|Any CPU.ActiveCfg = Debug|Any CPU
		{EEC9AA12-7E8C-4448-9F19-9A0197C3D07F}.Debug|Any CPU.Build.0 = Debug|Any CPU
		{EEC9AA12-7E8C-4448-9F19-9A0197C3D07F}.Release|Any CPU.ActiveCfg = Release|Any CPU
		{EEC9AA12-7E8C-4448-9F19-9A0197C3D07F}.Release|Any CPU.Build.0 = Release|Any CPU
		{130B8057-47CD-428B-B8C5-2F4B3DD05D8E}.Debug|Any CPU.ActiveCfg = Debug|Any CPU
		{130B8057-47CD-428B-B8C5-2F4B3DD05D8E}.Debug|Any CPU.Build.0 = Debug|Any CPU
		{130B8057-47CD-428B-B8C5-2F4B3DD05D8E}.Release|Any CPU.ActiveCfg = Release|Any CPU
		{130B8057-47CD-428B-B8C5-2F4B3DD05D8E}.Release|Any CPU.Build.0 = Release|Any CPU
		{AEDC8AEB-CE79-456B-B9A3-6D9BB1702A3F}.Debug|Any CPU.ActiveCfg = Debug|Any CPU
		{AEDC8AEB-CE79-456B-B9A3-6D9BB1702A3F}.Debug|Any CPU.Build.0 = Debug|Any CPU
		{AEDC8AEB-CE79-456B-B9A3-6D9BB1702A3F}.Release|Any CPU.ActiveCfg = Release|Any CPU
		{AEDC8AEB-CE79-456B-B9A3-6D9BB1702A3F}.Release|Any CPU.Build.0 = Release|Any CPU
		{8758998E-5EC5-4F78-A802-5EB3EDA25278}.Debug|Any CPU.ActiveCfg = Debug|Any CPU
		{8758998E-5EC5-4F78-A802-5EB3EDA25278}.Debug|Any CPU.Build.0 = Debug|Any CPU
		{8758998E-5EC5-4F78-A802-5EB3EDA25278}.Release|Any CPU.ActiveCfg = Release|Any CPU
		{8758998E-5EC5-4F78-A802-5EB3EDA25278}.Release|Any CPU.Build.0 = Release|Any CPU
		{9A3FB3C7-C404-4AE9-BC9F-9D569439864A}.Debug|Any CPU.ActiveCfg = Debug|Any CPU
		{9A3FB3C7-C404-4AE9-BC9F-9D569439864A}.Debug|Any CPU.Build.0 = Debug|Any CPU
		{9A3FB3C7-C404-4AE9-BC9F-9D569439864A}.Release|Any CPU.ActiveCfg = Release|Any CPU
		{9A3FB3C7-C404-4AE9-BC9F-9D569439864A}.Release|Any CPU.Build.0 = Release|Any CPU
		{482ECF52-432B-4216-854A-D6B4276BEFAC}.Debug|Any CPU.ActiveCfg = Debug|Any CPU
		{482ECF52-432B-4216-854A-D6B4276BEFAC}.Debug|Any CPU.Build.0 = Debug|Any CPU
		{482ECF52-432B-4216-854A-D6B4276BEFAC}.Release|Any CPU.ActiveCfg = Release|Any CPU
		{482ECF52-432B-4216-854A-D6B4276BEFAC}.Release|Any CPU.Build.0 = Release|Any CPU
		{C60DE0E2-CB3C-496F-AF01-3A4AD5C4BBD5}.Debug|Any CPU.ActiveCfg = Debug|Any CPU
		{C60DE0E2-CB3C-496F-AF01-3A4AD5C4BBD5}.Debug|Any CPU.Build.0 = Debug|Any CPU
		{C60DE0E2-CB3C-496F-AF01-3A4AD5C4BBD5}.Release|Any CPU.ActiveCfg = Release|Any CPU
		{C60DE0E2-CB3C-496F-AF01-3A4AD5C4BBD5}.Release|Any CPU.Build.0 = Release|Any CPU
	EndGlobalSection
	GlobalSection(SolutionProperties) = preSolution
		HideSolutionNode = FALSE
	EndGlobalSection
	GlobalSection(ExtensibilityGlobals) = postSolution
		SolutionGuid = {E6BEFEB9-C90B-457A-80CA-3CE2186DED4A}
	EndGlobalSection
EndGlobal
